
Microsoft Visual Studio Solution File, Format Version 12.00
# Visual Studio Version 16
VisualStudioVersion = 16.0.31005.135
MinimumVisualStudioVersion = 10.0.40219.1
Project("{FAE04EC0-301F-11D3-BF4B-00C04F79EFBC}") = "MyStack", "MyStack\MyStack.csproj", "{D37CD295-F324-4B9F-91E2-2EB619783FF3}"
EndProject
Global
	GlobalSection(SolutionConfigurationPlatforms) = preSolution
		Debug|Any CPU = Debug|Any CPU
		Release|Any CPU = Release|Any CPU
	EndGlobalSection
	GlobalSection(ProjectConfigurationPlatforms) = postSolution
		{D37CD295-F324-4B9F-91E2-2EB619783FF3}.Debug|Any CPU.ActiveCfg = Debug|Any CPU
		{D37CD295-F324-4B9F-91E2-2EB619783FF3}.Debug|Any CPU.Build.0 = Debug|Any CPU
		{D37CD295-F324-4B9F-91E2-2EB619783FF3}.Release|Any CPU.ActiveCfg = Release|Any CPU
		{D37CD295-F324-4B9F-91E2-2EB619783FF3}.Release|Any CPU.Build.0 = Release|Any CPU
	EndGlobalSection
	GlobalSection(SolutionProperties) = preSolution
		HideSolutionNode = FALSE
	EndGlobalSection
	GlobalSection(ExtensibilityGlobals) = postSolution
		SolutionGuid = {E9FA61F4-480B-4086-AE99-116D9F47A3D1}
	EndGlobalSection
EndGlobal
